
Microsoft Visual Studio Solution File, Format Version 12.00
# Visual Studio 2012
Project("{FAE04EC0-301F-11D3-BF4B-00C04F79EFBC}") = "PagerTest", "PagerTest.csproj", "{D08FAF8A-D563-4898-9149-78E682962ED2}"
EndProject
Global
	GlobalSection(SolutionConfigurationPlatforms) = preSolution
		Debug|iPhoneSimulator = Debug|iPhoneSimulator
		Release|iPhone = Release|iPhone
		Release|iPhoneSimulator = Release|iPhoneSimulator
		Debug|iPhone = Debug|iPhone
	EndGlobalSection
	GlobalSection(ProjectConfigurationPlatforms) = postSolution
		{D08FAF8A-D563-4898-9149-78E682962ED2}.Debug|iPhone.ActiveCfg = Debug|iPhone
		{D08FAF8A-D563-4898-9149-78E682962ED2}.Debug|iPhone.Build.0 = Debug|iPhone
		{D08FAF8A-D563-4898-9149-78E682962ED2}.Debug|iPhoneSimulator.ActiveCfg = Debug|iPhoneSimulator
		{D08FAF8A-D563-4898-9149-78E682962ED2}.Debug|iPhoneSimulator.Build.0 = Debug|iPhoneSimulator
		{D08FAF8A-D563-4898-9149-78E682962ED2}.Release|iPhone.ActiveCfg = Release|iPhone
		{D08FAF8A-D563-4898-9149-78E682962ED2}.Release|iPhone.Build.0 = Release|iPhone
		{D08FAF8A-D563-4898-9149-78E682962ED2}.Release|iPhoneSimulator.ActiveCfg = Release|iPhoneSimulator
		{D08FAF8A-D563-4898-9149-78E682962ED2}.Release|iPhoneSimulator.Build.0 = Release|iPhoneSimulator
	EndGlobalSection
EndGlobal
