// !$*UTF8*$!
{
	archiveVersion = 1;
	classes = {
	};
	objectVersion = 46;
	objects = {

/* Begin PBXBuildFile section */
		84C31F051E9F43F5007A21DD /* NSString+RENumberFormat.m in Sources */ = {isa = PBXBuildFile; fileRef = 84C31F021E9F43F5007A21DD /* NSString+RENumberFormat.m */; };
		84C31F061E9F43F5007A21DD /* REFormattedNumberField.m in Sources */ = {isa = PBXBuildFile; fileRef = 84C31F041E9F43F5007A21DD /* REFormattedNumberField.m */; };
/* End PBXBuildFile section */

/* Begin PBXCopyFilesBuildPhase section */
		84C31EF31E9F43CD007A21DD /* CopyFiles */ = {
			isa = PBXCopyFilesBuildPhase;
			buildActionMask = 2147483647;
			dstPath = "include/$(PRODUCT_NAME)";
			dstSubfolderSpec = 16;
			files = (
			);
			runOnlyForDeploymentPostprocessing = 0;
		};
/* End PBXCopyFilesBuildPhase section */

/* Begin PBXFileReference section */
		84C31EF51E9F43CD007A21DD /* libREFormattedNumberField.a */ = {isa = PBXFileReference; explicitFileType = archive.ar; includeInIndex = 0; path = libREFormattedNumberField.a; sourceTree = BUILT_PRODUCTS_DIR; };
		84C31F011E9F43F5007A21DD /* NSString+RENumberFormat.h */ = {isa = PBXFileReference; fileEncoding = 4; lastKnownFileType = sourcecode.c.h; path = "NSString+RENumberFormat.h"; sourceTree = "<group>"; };
		84C31F021E9F43F5007A21DD /* NSString+RENumberFormat.m */ = {isa = PBXFileReference; fileEncoding = 4; lastKnownFileType = sourcecode.c.objc; path = "NSString+RENumberFormat.m"; sourceTree = "<group>"; };
		84C31F031E9F43F5007A21DD /* REFormattedNumberField.h */ = {isa = PBXFileReference; fileEncoding = 4; lastKnownFileType = sourcecode.c.h; path = REFormattedNumberField.h; sourceTree = "<group>"; };
		84C31F041E9F43F5007A21DD /* REFormattedNumberField.m */ = {isa = PBXFileReference; fileEncoding = 4; lastKnownFileType = sourcecode.c.objc; path = REFormattedNumberField.m; sourceTree = "<group>"; };
/* End PBXFileReference section */

/* Begin PBXFrameworksBuildPhase section */
		84C31EF21E9F43CD007A21DD /* Frameworks */ = {
			isa = PBXFrameworksBuildPhase;
			buildActionMask = 2147483647;
			files = (
			);
			runOnlyForDeploymentPostprocessing = 0;
		};
/* End PBXFrameworksBuildPhase section */

/* Begin PBXGroup section */
		84C31EEC1E9F43CD007A21DD = {
			isa = PBXGroup;
			children = (
				84C31EF71E9F43CD007A21DD /* REFormattedNumberField */,
				84C31EF61E9F43CD007A21DD /* Products */,
			);
			sourceTree = "<group>";
		};
		84C31EF61E9F43CD007A21DD /* Products */ = {
			isa = PBXGroup;
			children = (
				84C31EF51E9F43CD007A21DD /* libREFormattedNumberField.a */,
			);
			name = Products;
			sourceTree = "<group>";
		};
		84C31EF71E9F43CD007A21DD /* REFormattedNumberField */ = {
			isa = PBXGroup;
			children = (
				84C31F011E9F43F5007A21DD /* NSString+RENumberFormat.h */,
				84C31F021E9F43F5007A21DD /* NSString+RENumberFormat.m */,
				84C31F031E9F43F5007A21DD /* REFormattedNumberField.h */,
				84C31F041E9F43F5007A21DD /* REFormattedNumberField.m */,
			);
			path = REFormattedNumberField;
			sourceTree = "<group>";
		};
/* End PBXGroup section */

/* Begin PBXNativeTarget section */
		84C31EF41E9F43CD007A21DD /* REFormattedNumberField */ = {
			isa = PBXNativeTarget;
			buildConfigurationList = 84C31EFE1E9F43CD007A21DD /* Build configuration list for PBXNativeTarget "REFormattedNumberField" */;
			buildPhases = (
				84C31EF11E9F43CD007A21DD /* Sources */,
				84C31EF21E9F43CD007A21DD /* Frameworks */,
				84C31EF31E9F43CD007A21DD /* CopyFiles */,
			);
			buildRules = (
			);
			dependencies = (
			);
			name = REFormattedNumberField;
			productName = REFormattedNumberField;
			productReference = 84C31EF51E9F43CD007A21DD /* libREFormattedNumberField.a */;
			productType = "com.apple.product-type.library.static";
		};
/* End PBXNativeTarget section */

/* Begin PBXProject section */
		84C31EED1E9F43CD007A21DD /* Project object */ = {
			isa = PBXProject;
			attributes = {
				LastUpgradeCheck = 0830;
				ORGANIZATIONNAME = Admin;
				TargetAttributes = {
					84C31EF41E9F43CD007A21DD = {
						CreatedOnToolsVersion = 8.3.1;
						ProvisioningStyle = Automatic;
					};
				};
			};
			buildConfigurationList = 84C31EF01E9F43CD007A21DD /* Build configuration list for PBXProject "REFormattedNumberField" */;
			compatibilityVersion = "Xcode 3.2";
			developmentRegion = English;
			hasScannedForEncodings = 0;
			knownRegions = (
				en,
			);
			mainGroup = 84C31EEC1E9F43CD007A21DD;
			productRefGroup = 84C31EF61E9F43CD007A21DD /* Products */;
			projectDirPath = "";
			projectRoot = "";
			targets = (
				84C31EF41E9F43CD007A21DD /* REFormattedNumberField */,
			);
		};
/* End PBXProject section */

/* Begin PBXSourcesBuildPhase section */
		84C31EF11E9F43CD007A21DD /* Sources */ = {
			isa = PBXSourcesBuildPhase;
			buildActionMask = 2147483647;
			files = (
				84C31F051E9F43F5007A21DD /* NSString+RENumberFormat.m in Sources */,
				84C31F061E9F43F5007A21DD /* REFormattedNumberField.m in Sources */,
			);
			runOnlyForDeploymentPostprocessing = 0;
		};
/* End PBXSourcesBuildPhase section */

/* Begin XCBuildConfiguration section */
		84C31EFC1E9F43CD007A21DD /* Debug */ = {
			isa = XCBuildConfiguration;
			buildSettings = {
				ALWAYS_SEARCH_USER_PATHS = NO;
				CLANG_ANALYZER_NONNULL = YES;
				CLANG_ANALYZER_NUMBER_OBJECT_CONVERSION = YES_AGGRESSIVE;
				CLANG_CXX_LANGUAGE_STANDARD = "gnu++0x";
				CLANG_CXX_LIBRARY = "libc++";
				CLANG_ENABLE_MODULES = YES;
				CLANG_ENABLE_OBJC_ARC = YES;
				CLANG_WARN_BOOL_CONVERSION = YES;
				CLANG_WARN_CONSTANT_CONVERSION = YES;
				CLANG_WARN_DIRECT_OBJC_ISA_USAGE = YES_ERROR;
				CLANG_WARN_DOCUMENTATION_COMMENTS = YES;
				CLANG_WARN_EMPTY_BODY = YES;
				CLANG_WARN_ENUM_CONVERSION = YES;
				CLANG_WARN_INFINITE_RECURSION = YES;
				CLANG_WARN_INT_CONVERSION = YES;
				CLANG_WARN_OBJC_ROOT_CLASS = YES_ERROR;
				CLANG_WARN_SUSPICIOUS_MOVE = YES;
				CLANG_WARN_UNREACHABLE_CODE = YES;
				CLANG_WARN__DUPLICATE_METHOD_MATCH = YES;
				"CODE_SIGN_IDENTITY[sdk=iphoneos*]" = "iPhone Developer";
				COPY_PHASE_STRIP = NO;
				DEBUG_INFORMATION_FORMAT = dwarf;
				ENABLE_STRICT_OBJC_MSGSEND = YES;
				ENABLE_TESTABILITY = YES;
				GCC_C_LANGUAGE_STANDARD = gnu99;
				GCC_DYNAMIC_NO_PIC = NO;
				GCC_NO_COMMON_BLOCKS = YES;
				GCC_OPTIMIZATION_LEVEL = 0;
				GCC_PREPROCESSOR_DEFINITIONS = (
					"DEBUG=1",
					"$(inherited)",
				);
				GCC_WARN_64_TO_32_BIT_CONVERSION = YES;
				GCC_WARN_ABOUT_RETURN_TYPE = YES_ERROR;
				GCC_WARN_UNDECLARED_SELECTOR = YES;
				GCC_WARN_UNINITIALIZED_AUTOS = YES_AGGRESSIVE;
				GCC_WARN_UNUSED_FUNCTION = YES;
				GCC_WARN_UNUSED_VARIABLE = YES;
				IPHONEOS_DEPLOYMENT_TARGET = 10.3;
				MTL_ENABLE_DEBUG_INFO = YES;
				ONLY_ACTIVE_ARCH = YES;
				SDKROOT = iphoneos;
			};
			name = Debug;
		};
		84C31EFD1E9F43CD007A21DD /* Release */ = {
			isa = XCBuildConfiguration;
			buildSettings = {
				ALWAYS_SEARCH_USER_PATHS = NO;
				CLANG_ANALYZER_NONNULL = YES;
				CLANG_ANALYZER_NUMBER_OBJECT_CONVERSION = YES_AGGRESSIVE;
				CLANG_CXX_LANGUAGE_STANDARD = "gnu++0x";
				CLANG_CXX_LIBRARY = "libc++";
				CLANG_ENABLE_MODULES = YES;
				CLANG_ENABLE_OBJC_ARC = YES;
				CLANG_WARN_BOOL_CONVERSION = YES;
				CLANG_WARN_CONSTANT_CONVERSION = YES;
				CLANG_WARN_DIRECT_OBJC_ISA_USAGE = YES_ERROR;
				CLANG_WARN_DOCUMENTATION_COMMENTS = YES;
				CLANG_WARN_EMPTY_BODY = YES;
				CLANG_WARN_ENUM_CONVERSION = YES;
				CLANG_WARN_INFINITE_RECURSION = YES;
				CLANG_WARN_INT_CONVERSION = YES;
				CLANG_WARN_OBJC_ROOT_CLASS = YES_ERROR;
				CLANG_WARN_SUSPICIOUS_MOVE = YES;
				CLANG_WARN_UNREACHABLE_CODE = YES;
				CLANG_WARN__DUPLICATE_METHOD_MATCH = YES;
				"CODE_SIGN_IDENTITY[sdk=iphoneos*]" = "iPhone Developer";
				COPY_PHASE_STRIP = NO;
				DEBUG_INFORMATION_FORMAT = "dwarf-with-dsym";
				ENABLE_NS_ASSERTIONS = NO;
				ENABLE_STRICT_OBJC_MSGSEND = YES;
				GCC_C_LANGUAGE_STANDARD = gnu99;
				GCC_NO_COMMON_BLOCKS = YES;
				GCC_WARN_64_TO_32_BIT_CONVERSION = YES;
				GCC_WARN_ABOUT_RETURN_TYPE = YES_ERROR;
				GCC_WARN_UNDECLARED_SELECTOR = YES;
				GCC_WARN_UNINITIALIZED_AUTOS = YES_AGGRESSIVE;
				GCC_WARN_UNUSED_FUNCTION = YES;
				GCC_WARN_UNUSED_VARIABLE = YES;
				IPHONEOS_DEPLOYMENT_TARGET = 10.3;
				MTL_ENABLE_DEBUG_INFO = NO;
				SDKROOT = iphoneos;
				VALIDATE_PRODUCT = YES;
			};
			name = Release;
		};
		84C31EFF1E9F43CD007A21DD /* Debug */ = {
			isa = XCBuildConfiguration;
			buildSettings = {
				OTHER_LDFLAGS = "-ObjC";
				PRODUCT_NAME = "$(TARGET_NAME)";
				SKIP_INSTALL = YES;
			};
			name = Debug;
		};
		84C31F001E9F43CD007A21DD /* Release */ = {
			isa = XCBuildConfiguration;
			buildSettings = {
				OTHER_LDFLAGS = "-ObjC";
				PRODUCT_NAME = "$(TARGET_NAME)";
				SKIP_INSTALL = YES;
			};
			name = Release;
		};
/* End XCBuildConfiguration section */

/* Begin XCConfigurationList section */
		84C31EF01E9F43CD007A21DD /* Build configuration list for PBXProject "REFormattedNumberField" */ = {
			isa = XCConfigurationList;
			buildConfigurations = (
				84C31EFC1E9F43CD007A21DD /* Debug */,
				84C31EFD1E9F43CD007A21DD /* Release */,
			);
			defaultConfigurationIsVisible = 0;
			defaultConfigurationName = Release;
		};
		84C31EFE1E9F43CD007A21DD /* Build configuration list for PBXNativeTarget "REFormattedNumberField" */ = {
			isa = XCConfigurationList;
			buildConfigurations = (
				84C31EFF1E9F43CD007A21DD /* Debug */,
				84C31F001E9F43CD007A21DD /* Release */,
			);
			defaultConfigurationIsVisible = 0;
		};
/* End XCConfigurationList section */
	};
	rootObject = 84C31EED1E9F43CD007A21DD /* Project object */;
}
