
Microsoft Visual Studio Solution File, Format Version 12.00
# Visual Studio 2012
Project("{FAE04EC0-301F-11D3-BF4B-00C04F79EFBC}") = "SHSPhoneComponent2", "SHSPhoneComponent2.csproj", "{397AD698-E376-4949-A418-3B285988D26D}"
EndProject
Global
	GlobalSection(SolutionConfigurationPlatforms) = preSolution
		Debug|Any CPU = Debug|Any CPU
		Release|Any CPU = Release|Any CPU
	EndGlobalSection
	GlobalSection(ProjectConfigurationPlatforms) = postSolution
		{397AD698-E376-4949-A418-3B285988D26D}.Debug|Any CPU.ActiveCfg = Debug|Any CPU
		{397AD698-E376-4949-A418-3B285988D26D}.Debug|Any CPU.Build.0 = Debug|Any CPU
		{397AD698-E376-4949-A418-3B285988D26D}.Release|Any CPU.ActiveCfg = Release|Any CPU
		{397AD698-E376-4949-A418-3B285988D26D}.Release|Any CPU.Build.0 = Release|Any CPU
	EndGlobalSection
EndGlobal
